// !$*UTF8*$!
{
	archiveVersion = 1;
	classes = {
	};
	objectVersion = 48;
	objects = {

/* Begin PBXBuildFile section */
		E607A7931F55FAF100263B7B /* AppDelegate.swift in Sources */ = {isa = PBXBuildFile; fileRef = E607A7921F55FAF100263B7B /* AppDelegate.swift */; };
		E607A7981F55FAF100263B7B /* Main.storyboard in Resources */ = {isa = PBXBuildFile; fileRef = E607A7961F55FAF100263B7B /* Main.storyboard */; };
		E607A79B1F55FAF100263B7B /* GMPhotos2017.xcdatamodeld in Sources */ = {isa = PBXBuildFile; fileRef = E607A7991F55FAF100263B7B /* GMPhotos2017.xcdatamodeld */; };
		E607A79D1F55FAF100263B7B /* Assets.xcassets in Resources */ = {isa = PBXBuildFile; fileRef = E607A79C1F55FAF100263B7B /* Assets.xcassets */; };
		E607A7A01F55FAF100263B7B /* LaunchScreen.storyboard in Resources */ = {isa = PBXBuildFile; fileRef = E607A79E1F55FAF100263B7B /* LaunchScreen.storyboard */; };
		E607A7AA1F56031500263B7B /* PhotoCell.swift in Sources */ = {isa = PBXBuildFile; fileRef = E607A7A91F56031500263B7B /* PhotoCell.swift */; };
		E607A7AC1F56033000263B7B /* PhotoViewController.swift in Sources */ = {isa = PBXBuildFile; fileRef = E607A7AB1F56033000263B7B /* PhotoViewController.swift */; };
		E607A7AE1F56034000263B7B /* PhotoCollectionViewController.swift in Sources */ = {isa = PBXBuildFile; fileRef = E607A7AD1F56034000263B7B /* PhotoCollectionViewController.swift */; };
		E6649D6D1F58B8D90048E33E /* PhotoPagerViewController.swift in Sources */ = {isa = PBXBuildFile; fileRef = E6649D6C1F58B8D90048E33E /* PhotoPagerViewController.swift */; };
		E666C5C11F58996D00A12088 /* whistler.jpg in Resources */ = {isa = PBXBuildFile; fileRef = E607A7A81F56028300263B7B /* whistler.jpg */; };
		E6A9A3691F588EAF0008D21D /* SavePhotoViewController.swift in Sources */ = {isa = PBXBuildFile; fileRef = E6A9A3681F588EAF0008D21D /* SavePhotoViewController.swift */; };
		E6A9A36B1F588ED50008D21D /* Photo.swift in Sources */ = {isa = PBXBuildFile; fileRef = E6A9A36A1F588ED50008D21D /* Photo.swift */; };
		E6A9A36D1F588EF30008D21D /* PhotoHelper.swift in Sources */ = {isa = PBXBuildFile; fileRef = E6A9A36C1F588EF30008D21D /* PhotoHelper.swift */; };
		E6F2B0BF1F58AE0B006C1C2F /* MapViewController.swift in Sources */ = {isa = PBXBuildFile; fileRef = E6F2B0BE1F58AE0B006C1C2F /* MapViewController.swift */; };
/* End PBXBuildFile section */

/* Begin PBXFileReference section */
		E607A78F1F55FAF100263B7B /* GMPhotos2017.app */ = {isa = PBXFileReference; explicitFileType = wrapper.application; includeInIndex = 0; path = GMPhotos2017.app; sourceTree = BUILT_PRODUCTS_DIR; };
		E607A7921F55FAF100263B7B /* AppDelegate.swift */ = {isa = PBXFileReference; lastKnownFileType = sourcecode.swift; path = AppDelegate.swift; sourceTree = "<group>"; };
		E607A7971F55FAF100263B7B /* Base */ = {isa = PBXFileReference; lastKnownFileType = file.storyboard; name = Base; path = Base.lproj/Main.storyboard; sourceTree = "<group>"; };
		E607A79A1F55FAF100263B7B /* GMPhotos2017.xcdatamodel */ = {isa = PBXFileReference; lastKnownFileType = wrapper.xcdatamodel; path = GMPhotos2017.xcdatamodel; sourceTree = "<group>"; };
		E607A79C1F55FAF100263B7B /* Assets.xcassets */ = {isa = PBXFileReference; lastKnownFileType = folder.assetcatalog; path = Assets.xcassets; sourceTree = "<group>"; };
		E607A79F1F55FAF100263B7B /* Base */ = {isa = PBXFileReference; lastKnownFileType = file.storyboard; name = Base; path = Base.lproj/LaunchScreen.storyboard; sourceTree = "<group>"; };
		E607A7A11F55FAF100263B7B /* Info.plist */ = {isa = PBXFileReference; lastKnownFileType = text.plist.xml; path = Info.plist; sourceTree = "<group>"; };
		E607A7A71F56025E00263B7B /* PhotosPlayground.playground */ = {isa = PBXFileReference; lastKnownFileType = file.playground; path = PhotosPlayground.playground; sourceTree = "<group>"; };
		E607A7A81F56028300263B7B /* whistler.jpg */ = {isa = PBXFileReference; lastKnownFileType = image.jpeg; path = whistler.jpg; sourceTree = "<group>"; };
		E607A7A91F56031500263B7B /* PhotoCell.swift */ = {isa = PBXFileReference; lastKnownFileType = sourcecode.swift; path = PhotoCell.swift; sourceTree = "<group>"; };
		E607A7AB1F56033000263B7B /* PhotoViewController.swift */ = {isa = PBXFileReference; lastKnownFileType = sourcecode.swift; path = PhotoViewController.swift; sourceTree = "<group>"; };
		E607A7AD1F56034000263B7B /* PhotoCollectionViewController.swift */ = {isa = PBXFileReference; lastKnownFileType = sourcecode.swift; path = PhotoCollectionViewController.swift; sourceTree = "<group>"; };
		E6649D6C1F58B8D90048E33E /* PhotoPagerViewController.swift */ = {isa = PBXFileReference; lastKnownFileType = sourcecode.swift; path = PhotoPagerViewController.swift; sourceTree = "<group>"; };
		E6A9A3681F588EAF0008D21D /* SavePhotoViewController.swift */ = {isa = PBXFileReference; lastKnownFileType = sourcecode.swift; path = SavePhotoViewController.swift; sourceTree = "<group>"; };
		E6A9A36A1F588ED50008D21D /* Photo.swift */ = {isa = PBXFileReference; lastKnownFileType = sourcecode.swift; path = Photo.swift; sourceTree = "<group>"; };
		E6A9A36C1F588EF30008D21D /* PhotoHelper.swift */ = {isa = PBXFileReference; lastKnownFileType = sourcecode.swift; path = PhotoHelper.swift; sourceTree = "<group>"; };
		E6F2B0BE1F58AE0B006C1C2F /* MapViewController.swift */ = {isa = PBXFileReference; lastKnownFileType = sourcecode.swift; path = MapViewController.swift; sourceTree = "<group>"; };
/* End PBXFileReference section */

/* Begin PBXFrameworksBuildPhase section */
		E607A78C1F55FAF100263B7B /* Frameworks */ = {
			isa = PBXFrameworksBuildPhase;
			buildActionMask = 2147483647;
			files = (
			);
			runOnlyForDeploymentPostprocessing = 0;
		};
/* End PBXFrameworksBuildPhase section */

/* Begin PBXGroup section */
		E607A7861F55FAF100263B7B = {
			isa = PBXGroup;
			children = (
				E607A7911F55FAF100263B7B /* GMPhotos2017 */,
				E607A7901F55FAF100263B7B /* Products */,
			);
			sourceTree = "<group>";
		};
		E607A7901F55FAF100263B7B /* Products */ = {
			isa = PBXGroup;
			children = (
				E607A78F1F55FAF100263B7B /* GMPhotos2017.app */,
			);
			name = Products;
			sourceTree = "<group>";
		};
		E607A7911F55FAF100263B7B /* GMPhotos2017 */ = {
			isa = PBXGroup;
			children = (
				E607A7A81F56028300263B7B /* whistler.jpg */,
				E607A7921F55FAF100263B7B /* AppDelegate.swift */,
				E607A7AD1F56034000263B7B /* PhotoCollectionViewController.swift */,
				E6649D6C1F58B8D90048E33E /* PhotoPagerViewController.swift */,
				E607A7AB1F56033000263B7B /* PhotoViewController.swift */,
				E6F2B0BE1F58AE0B006C1C2F /* MapViewController.swift */,
				E6A9A3681F588EAF0008D21D /* SavePhotoViewController.swift */,
				E607A7A91F56031500263B7B /* PhotoCell.swift */,
				E6A9A36A1F588ED50008D21D /* Photo.swift */,
				E6A9A36C1F588EF30008D21D /* PhotoHelper.swift */,
				E607A7961F55FAF100263B7B /* Main.storyboard */,
				E607A79C1F55FAF100263B7B /* Assets.xcassets */,
				E607A79E1F55FAF100263B7B /* LaunchScreen.storyboard */,
				E607A7A11F55FAF100263B7B /* Info.plist */,
				E607A7991F55FAF100263B7B /* GMPhotos2017.xcdatamodeld */,
				E607A7A71F56025E00263B7B /* PhotosPlayground.playground */,
			);
			path = GMPhotos2017;
			sourceTree = "<group>";
		};
/* End PBXGroup section */

/* Begin PBXNativeTarget section */
		E607A78E1F55FAF100263B7B /* GMPhotos2017 */ = {
			isa = PBXNativeTarget;
			buildConfigurationList = E607A7A41F55FAF100263B7B /* Build configuration list for PBXNativeTarget "GMPhotos2017" */;
			buildPhases = (
				E607A78B1F55FAF100263B7B /* Sources */,
				E607A78C1F55FAF100263B7B /* Frameworks */,
				E607A78D1F55FAF100263B7B /* Resources */,
			);
			buildRules = (
			);
			dependencies = (
			);
			name = GMPhotos2017;
			productName = GMPhotos2017;
			productReference = E607A78F1F55FAF100263B7B /* GMPhotos2017.app */;
			productType = "com.apple.product-type.application";
		};
/* End PBXNativeTarget section */

/* Begin PBXProject section */
		E607A7871F55FAF100263B7B /* Project object */ = {
			isa = PBXProject;
			attributes = {
				LastSwiftUpdateCheck = 0900;
				LastUpgradeCheck = 0900;
				ORGANIZATIONNAME = Aerych;
				TargetAttributes = {
					E607A78E1F55FAF100263B7B = {
						CreatedOnToolsVersion = 9.0;
						ProvisioningStyle = Automatic;
					};
				};
			};
			buildConfigurationList = E607A78A1F55FAF100263B7B /* Build configuration list for PBXProject "GMPhotos2017" */;
			compatibilityVersion = "Xcode 8.0";
			developmentRegion = en;
			hasScannedForEncodings = 0;
			knownRegions = (
				en,
				Base,
			);
			mainGroup = E607A7861F55FAF100263B7B;
			productRefGroup = E607A7901F55FAF100263B7B /* Products */;
			projectDirPath = "";
			projectRoot = "";
			targets = (
				E607A78E1F55FAF100263B7B /* GMPhotos2017 */,
			);
		};
/* End PBXProject section */

/* Begin PBXResourcesBuildPhase section */
		E607A78D1F55FAF100263B7B /* Resources */ = {
			isa = PBXResourcesBuildPhase;
			buildActionMask = 2147483647;
			files = (
				E666C5C11F58996D00A12088 /* whistler.jpg in Resources */,
				E607A7A01F55FAF100263B7B /* LaunchScreen.storyboard in Resources */,
				E607A79D1F55FAF100263B7B /* Assets.xcassets in Resources */,
				E607A7981F55FAF100263B7B /* Main.storyboard in Resources */,
			);
			runOnlyForDeploymentPostprocessing = 0;
		};
/* End PBXResourcesBuildPhase section */

/* Begin PBXSourcesBuildPhase section */
		E607A78B1F55FAF100263B7B /* Sources */ = {
			isa = PBXSourcesBuildPhase;
			buildActionMask = 2147483647;
			files = (
				E6A9A36B1F588ED50008D21D /* Photo.swift in Sources */,
				E607A7AA1F56031500263B7B /* PhotoCell.swift in Sources */,
				E607A7AE1F56034000263B7B /* PhotoCollectionViewController.swift in Sources */,
				E6A9A3691F588EAF0008D21D /* SavePhotoViewController.swift in Sources */,
				E6F2B0BF1F58AE0B006C1C2F /* MapViewController.swift in Sources */,
				E607A7931F55FAF100263B7B /* AppDelegate.swift in Sources */,
				E607A79B1F55FAF100263B7B /* GMPhotos2017.xcdatamodeld in Sources */,
				E6649D6D1F58B8D90048E33E /* PhotoPagerViewController.swift in Sources */,
				E6A9A36D1F588EF30008D21D /* PhotoHelper.swift in Sources */,
				E607A7AC1F56033000263B7B /* PhotoViewController.swift in Sources */,
			);
			runOnlyForDeploymentPostprocessing = 0;
		};
/* End PBXSourcesBuildPhase section */

/* Begin PBXVariantGroup section */
		E607A7961F55FAF100263B7B /* Main.storyboard */ = {
			isa = PBXVariantGroup;
			children = (
				E607A7971F55FAF100263B7B /* Base */,
			);
			name = Main.storyboard;
			sourceTree = "<group>";
		};
		E607A79E1F55FAF100263B7B /* LaunchScreen.storyboard */ = {
			isa = PBXVariantGroup;
			children = (
				E607A79F1F55FAF100263B7B /* Base */,
			);
			name = LaunchScreen.storyboard;
			sourceTree = "<group>";
		};
/* End PBXVariantGroup section */

/* Begin XCBuildConfiguration section */
		E607A7A21F55FAF100263B7B /* Debug */ = {
			isa = XCBuildConfiguration;
			buildSettings = {
				ALWAYS_SEARCH_USER_PATHS = NO;
				CLANG_ANALYZER_NONNULL = YES;
				CLANG_ANALYZER_NUMBER_OBJECT_CONVERSION = YES_AGGRESSIVE;
				CLANG_CXX_LANGUAGE_STANDARD = "gnu++14";
				CLANG_CXX_LIBRARY = "libc++";
				CLANG_ENABLE_MODULES = YES;
				CLANG_ENABLE_OBJC_ARC = YES;
				CLANG_WARN_BLOCK_CAPTURE_AUTORELEASING = YES;
				CLANG_WARN_BOOL_CONVERSION = YES;
				CLANG_WARN_COMMA = YES;
				CLANG_WARN_CONSTANT_CONVERSION = YES;
				CLANG_WARN_DIRECT_OBJC_ISA_USAGE = YES_ERROR;
				CLANG_WARN_DOCUMENTATION_COMMENTS = YES;
				CLANG_WARN_EMPTY_BODY = YES;
				CLANG_WARN_ENUM_CONVERSION = YES;
				CLANG_WARN_INFINITE_RECURSION = YES;
				CLANG_WARN_INT_CONVERSION = YES;
				CLANG_WARN_NON_LITERAL_NULL_CONVERSION = YES;
				CLANG_WARN_OBJC_LITERAL_CONVERSION = YES;
				CLANG_WARN_OBJC_ROOT_CLASS = YES_ERROR;
				CLANG_WARN_RANGE_LOOP_ANALYSIS = YES;
				CLANG_WARN_STRICT_PROTOTYPES = YES;
				CLANG_WARN_SUSPICIOUS_MOVE = YES;
				CLANG_WARN_UNGUARDED_AVAILABILITY = YES_AGGRESSIVE;
				CLANG_WARN_UNREACHABLE_CODE = YES;
				CLANG_WARN__DUPLICATE_METHOD_MATCH = YES;
				CODE_SIGN_IDENTITY = "iPhone Developer";
				COPY_PHASE_STRIP = NO;
				DEBUG_INFORMATION_FORMAT = dwarf;
				ENABLE_STRICT_OBJC_MSGSEND = YES;
				ENABLE_TESTABILITY = YES;
				GCC_C_LANGUAGE_STANDARD = gnu11;
				GCC_DYNAMIC_NO_PIC = NO;
				GCC_NO_COMMON_BLOCKS = YES;
				GCC_OPTIMIZATION_LEVEL = 0;
				GCC_PREPROCESSOR_DEFINITIONS = (
					"DEBUG=1",
					"$(inherited)",
				);
				GCC_WARN_64_TO_32_BIT_CONVERSION = YES;
				GCC_WARN_ABOUT_RETURN_TYPE = YES_ERROR;
				GCC_WARN_UNDECLARED_SELECTOR = YES;
				GCC_WARN_UNINITIALIZED_AUTOS = YES_AGGRESSIVE;
				GCC_WARN_UNUSED_FUNCTION = YES;
				GCC_WARN_UNUSED_VARIABLE = YES;
				IPHONEOS_DEPLOYMENT_TARGET = 11.0;
				MTL_ENABLE_DEBUG_INFO = YES;
				ONLY_ACTIVE_ARCH = YES;
				SDKROOT = iphoneos;
				SWIFT_ACTIVE_COMPILATION_CONDITIONS = DEBUG;
				SWIFT_OPTIMIZATION_LEVEL = "-Onone";
			};
			name = Debug;
		};
		E607A7A31F55FAF100263B7B /* Release */ = {
			isa = XCBuildConfiguration;
			buildSettings = {
				ALWAYS_SEARCH_USER_PATHS = NO;
				CLANG_ANALYZER_NONNULL = YES;
				CLANG_ANALYZER_NUMBER_OBJECT_CONVERSION = YES_AGGRESSIVE;
				CLANG_CXX_LANGUAGE_STANDARD = "gnu++14";
				CLANG_CXX_LIBRARY = "libc++";
				CLANG_ENABLE_MODULES = YES;
				CLANG_ENABLE_OBJC_ARC = YES;
				CLANG_WARN_BLOCK_CAPTURE_AUTORELEASING = YES;
				CLANG_WARN_BOOL_CONVERSION = YES;
				CLANG_WARN_COMMA = YES;
				CLANG_WARN_CONSTANT_CONVERSION = YES;
				CLANG_WARN_DIRECT_OBJC_ISA_USAGE = YES_ERROR;
				CLANG_WARN_DOCUMENTATION_COMMENTS = YES;
				CLANG_WARN_EMPTY_BODY = YES;
				CLANG_WARN_ENUM_CONVERSION = YES;
				CLANG_WARN_INFINITE_RECURSION = YES;
				CLANG_WARN_INT_CONVERSION = YES;
				CLANG_WARN_NON_LITERAL_NULL_CONVERSION = YES;
				CLANG_WARN_OBJC_LITERAL_CONVERSION = YES;
				CLANG_WARN_OBJC_ROOT_CLASS = YES_ERROR;
				CLANG_WARN_RANGE_LOOP_ANALYSIS = YES;
				CLANG_WARN_STRICT_PROTOTYPES = YES;
				CLANG_WARN_SUSPICIOUS_MOVE = YES;
				CLANG_WARN_UNGUARDED_AVAILABILITY = YES_AGGRESSIVE;
				CLANG_WARN_UNREACHABLE_CODE = YES;
				CLANG_WARN__DUPLICATE_METHOD_MATCH = YES;
				CODE_SIGN_IDENTITY = "iPhone Developer";
				COPY_PHASE_STRIP = NO;
				DEBUG_INFORMATION_FORMAT = "dwarf-with-dsym";
				ENABLE_NS_ASSERTIONS = NO;
				ENABLE_STRICT_OBJC_MSGSEND = YES;
				GCC_C_LANGUAGE_STANDARD = gnu11;
				GCC_NO_COMMON_BLOCKS = YES;
				GCC_WARN_64_TO_32_BIT_CONVERSION = YES;
				GCC_WARN_ABOUT_RETURN_TYPE = YES_ERROR;
				GCC_WARN_UNDECLARED_SELECTOR = YES;
				GCC_WARN_UNINITIALIZED_AUTOS = YES_AGGRESSIVE;
				GCC_WARN_UNUSED_FUNCTION = YES;
				GCC_WARN_UNUSED_VARIABLE = YES;
				IPHONEOS_DEPLOYMENT_TARGET = 11.0;
				MTL_ENABLE_DEBUG_INFO = NO;
				SDKROOT = iphoneos;
				SWIFT_OPTIMIZATION_LEVEL = "-Owholemodule";
				VALIDATE_PRODUCT = YES;
			};
			name = Release;
		};
		E607A7A51F55FAF100263B7B /* Debug */ = {
			isa = XCBuildConfiguration;
			buildSettings = {
				ASSETCATALOG_COMPILER_APPICON_NAME = AppIcon;
				CODE_SIGN_STYLE = Automatic;
				DEVELOPMENT_TEAM = W3Z8DMQ484;
				INFOPLIST_FILE = GMPhotos2017/Info.plist;
				IPHONEOS_DEPLOYMENT_TARGET = 10.3;
				LD_RUNPATH_SEARCH_PATHS = "$(inherited) @executable_path/Frameworks";
				PRODUCT_BUNDLE_IDENTIFIER = com.aerych.GMPhotos2017;
				PRODUCT_NAME = "$(TARGET_NAME)";
				SWIFT_VERSION = 4.0;
				TARGETED_DEVICE_FAMILY = "1,2";
			};
			name = Debug;
		};
		E607A7A61F55FAF100263B7B /* Release */ = {
			isa = XCBuildConfiguration;
			buildSettings = {
				ASSETCATALOG_COMPILER_APPICON_NAME = AppIcon;
				CODE_SIGN_STYLE = Automatic;
				DEVELOPMENT_TEAM = W3Z8DMQ484;
				INFOPLIST_FILE = GMPhotos2017/Info.plist;
				IPHONEOS_DEPLOYMENT_TARGET = 10.3;
				LD_RUNPATH_SEARCH_PATHS = "$(inherited) @executable_path/Frameworks";
				PRODUCT_BUNDLE_IDENTIFIER = com.aerych.GMPhotos2017;
				PRODUCT_NAME = "$(TARGET_NAME)";
				SWIFT_VERSION = 4.0;
				TARGETED_DEVICE_FAMILY = "1,2";
			};
			name = Release;
		};
/* End XCBuildConfiguration section */

/* Begin XCConfigurationList section */
		E607A78A1F55FAF100263B7B /* Build configuration list for PBXProject "GMPhotos2017" */ = {
			isa = XCConfigurationList;
			buildConfigurations = (
				E607A7A21F55FAF100263B7B /* Debug */,
				E607A7A31F55FAF100263B7B /* Release */,
			);
			defaultConfigurationIsVisible = 0;
			defaultConfigurationName = Release;
		};
		E607A7A41F55FAF100263B7B /* Build configuration list for PBXNativeTarget "GMPhotos2017" */ = {
			isa = XCConfigurationList;
			buildConfigurations = (
				E607A7A51F55FAF100263B7B /* Debug */,
				E607A7A61F55FAF100263B7B /* Release */,
			);
			defaultConfigurationIsVisible = 0;
			defaultConfigurationName = Release;
		};
/* End XCConfigurationList section */

/* Begin XCVersionGroup section */
		E607A7991F55FAF100263B7B /* GMPhotos2017.xcdatamodeld */ = {
			isa = XCVersionGroup;
			children = (
				E607A79A1F55FAF100263B7B /* GMPhotos2017.xcdatamodel */,
			);
			currentVersion = E607A79A1F55FAF100263B7B /* GMPhotos2017.xcdatamodel */;
			path = GMPhotos2017.xcdatamodeld;
			sourceTree = "<group>";
			versionGroupType = wrapper.xcdatamodel;
		};
/* End XCVersionGroup section */
	};
	rootObject = E607A7871F55FAF100263B7B /* Project object */;
}
